# This is a Gradle generated file for dependency locking.
# Manual edits can break the build and are not advised.
# This file is expected to be part of source control.
empty=apiDependenciesMetadata,compileOnlyDependenciesMetadata,developmentOnly,frontendFiles,implementationDependenciesMetadata,intransitiveDependenciesMetadata,jteGenerate,kotlinCompilerPluginClasspath,kotlinNativeCompilerPluginClasspath,kotlinScriptDefExtensions,testAndDevelopmentOnly,testAnnotationProcessor,testApiDependenciesMetadata,testCompileOnlyDependenciesMetadata,testImplementationDependenciesMetadata,testIntransitiveDependenciesMetadata,testKotlinScriptDefExtensions
